# This file is autogenerated, do not edit; changes may be undone by the next 'dep ensure'.


[[projects]]
  digest = "1:3c41199c6cde4c1468f9c4cd4ef1fd1ab5fe5c75a8428cbfe66e5fd633c300cc"
  name = "github.com/coreos/etcd"
  packages = [
    "Godeps/_workspace/src/github.com/gogo/protobuf/proto",
    "Godeps/_workspace/src/github.com/golang/protobuf/proto",
    "Godeps/_workspace/src/golang.org/x/net/context",
    "Godeps/_workspace/src/golang.org/x/net/http2",
    "Godeps/_workspace/src/golang.org/x/net/http2/hpack",
    "Godeps/_workspace/src/golang.org/x/net/internal/timeseries",
    "Godeps/_workspace/src/golang.org/x/net/trace",
    "Godeps/_workspace/src/google.golang.org/grpc",
    "Godeps/_workspace/src/google.golang.org/grpc/codes",
    "Godeps/_workspace/src/google.golang.org/grpc/credentials",
    "Godeps/_workspace/src/google.golang.org/grpc/grpclog",
    "Godeps/_workspace/src/google.golang.org/grpc/metadata",
    "Godeps/_workspace/src/google.golang.org/grpc/naming",
    "Godeps/_workspace/src/google.golang.org/grpc/peer",
    "Godeps/_workspace/src/google.golang.org/grpc/transport",
    "etcdserver/api/v3rpc/rpctypes",
    "etcdserver/etcdserverpb",
    "storage/storagepb",
  ]
  pruneopts = "UT"
  revision = "7e4fc7eaa931298732c880a703bccc9c177ae1de"
  version = "v2.3.8"

[[projects]]
  digest = "1:ed615c5430ecabbb0fb7629a182da65ecee6523900ac1ac932520860878ffcad"
  name = "github.com/robfig/cron"
  packages = ["."]
  pruneopts = "UT"
  revision = "b41be1df696709bb6395fe435af20370037c0b4c"
  version = "v1.1"

[[projects]]
  digest = "1:9e6343126652abe451c369b8cc749b684e47bfcd8fafa13f63ef42dd40104f90"
  name = "go.etcd.io/etcd"
  packages = ["clientv3"]
  pruneopts = "UT"
  revision = "7e4fc7eaa931298732c880a703bccc9c177ae1de"
  version = "v2.3.8"

[[projects]]
  branch = "master"
  digest = "1:b166c998eb589cd6da3aa24901f328e2d14cfe17cda0957129f880723ee9384b"
  name = "golang.org/x/crypto"
  packages = [
    "curve25519",
    "ed25519",
    "ed25519/internal/edwards25519",
    "internal/chacha20",
    "internal/subtle",
    "poly1305",
    "ssh",
  ]
  pruneopts = "UT"
  revision = "7c1a557ab941a71c619514f229f0b27ccb0c27cf"

[[projects]]
  digest = "1:342378ac4dcb378a5448dd723f0784ae519383532f5e70ade24132c4c8693202"
  name = "gopkg.in/yaml.v2"
  packages = ["."]
  pruneopts = "UT"
  revision = "5420a8b6744d3b0345ab293f6fcba19c978f1183"
  version = "v2.2.1"

[solve-meta]
  analyzer-name = "dep"
  analyzer-version = 1
  input-imports = [
    "github.com/robfig/cron",
    "go.etcd.io/etcd/clientv3",
    "golang.org/x/crypto/ssh",
    "gopkg.in/yaml.v2",
  ]
  solver-name = "gps-cdcl"
  solver-version = 1
